{
  "originHash" : "46122315b919773e64e826b602eec570381e00098e735785621417d0128c12ce",
  "pins" : [
    {
      "identity" : "version",
      "kind" : "remoteSourceControl",
      "location" : "https://github.com/mxcl/Version.git",
      "state" : {
        "revision" : "303a0f916772545e1e8667d3104f83be708a723c",
        "version" : "2.1.0"
      }
    }
  ],
  "version" : 3
}
